
Microsoft Visual Studio Solution File, Format Version 12.00
# Visual Studio 2012
Project("{FAE04EC0-301F-11D3-BF4B-00C04F79EFBC}") = "LanguageTutorial", "LanguageTutorial\LanguageTutorial.csproj", "{FD77946A-F235-47FF-8158-35DE6257EDD9}"
EndProject
Project("{FAE04EC0-301F-11D3-BF4B-00C04F79EFBC}") = "TestsLanguageTutorial", "TestsLanguageTutorial\TestsLanguageTutorial.csproj", "{EB3D80FB-7435-4FA4-B6BB-3DC081FB7719}"
EndProject
Global
	GlobalSection(SolutionConfigurationPlatforms) = preSolution
		Debug|Any CPU = Debug|Any CPU
		Release|Any CPU = Release|Any CPU
	EndGlobalSection
	GlobalSection(ProjectConfigurationPlatforms) = postSolution
		{FD77946A-F235-47FF-8158-35DE6257EDD9}.Debug|Any CPU.ActiveCfg = Debug|Any CPU
		{FD77946A-F235-47FF-8158-35DE6257EDD9}.Debug|Any CPU.Build.0 = Debug|Any CPU
		{FD77946A-F235-47FF-8158-35DE6257EDD9}.Release|Any CPU.ActiveCfg = Release|Any CPU
		{FD77946A-F235-47FF-8158-35DE6257EDD9}.Release|Any CPU.Build.0 = Release|Any CPU
		{EB3D80FB-7435-4FA4-B6BB-3DC081FB7719}.Debug|Any CPU.ActiveCfg = Debug|Any CPU
		{EB3D80FB-7435-4FA4-B6BB-3DC081FB7719}.Debug|Any CPU.Build.0 = Debug|Any CPU
		{EB3D80FB-7435-4FA4-B6BB-3DC081FB7719}.Release|Any CPU.ActiveCfg = Release|Any CPU
		{EB3D80FB-7435-4FA4-B6BB-3DC081FB7719}.Release|Any CPU.Build.0 = Release|Any CPU
	EndGlobalSection
	GlobalSection(SolutionProperties) = preSolution
		HideSolutionNode = FALSE
	EndGlobalSection
EndGlobal
